
Microsoft Visual Studio Solution File, Format Version 12.00
# Visual Studio Version 16
VisualStudioVersion = 16.0.35229.62
MinimumVisualStudioVersion = 10.0.40219.1
Project("{FAE04EC0-301F-11D3-BF4B-00C04F79EFBC}") = "ConsoleApp1", "ConsoleApp1\ConsoleApp1.csproj", "{144C510F-1AF3-4741-A3A7-CF481D1BBE1B}"
EndProject
Global
	GlobalSection(SolutionConfigurationPlatforms) = preSolution
		Debug|Any CPU = Debug|Any CPU
		Release|Any CPU = Release|Any CPU
	EndGlobalSection
	GlobalSection(ProjectConfigurationPlatforms) = postSolution
		{144C510F-1AF3-4741-A3A7-CF481D1BBE1B}.Debug|Any CPU.ActiveCfg = Debug|Any CPU
		{144C510F-1AF3-4741-A3A7-CF481D1BBE1B}.Debug|Any CPU.Build.0 = Debug|Any CPU
		{144C510F-1AF3-4741-A3A7-CF481D1BBE1B}.Release|Any CPU.ActiveCfg = Release|Any CPU
		{144C510F-1AF3-4741-A3A7-CF481D1BBE1B}.Release|Any CPU.Build.0 = Release|Any CPU
	EndGlobalSection
	GlobalSection(SolutionProperties) = preSolution
		HideSolutionNode = FALSE
	EndGlobalSection
	GlobalSection(ExtensibilityGlobals) = postSolution
		SolutionGuid = {3F7467EE-20DA-4A8F-9685-8A419C7E3482}
	EndGlobalSection
EndGlobal
